// !$*UTF8*$!
{
	archiveVersion = 1;
	classes = {
	};
	objectVersion = 56;
	objects = {

/* Begin PBXBuildFile section */
		AA6832392FB3BAFC0095B25F /* FirebaseAuth in Frameworks */ = {isa = PBXBuildFile; productRef = B0010060 /* FirebaseAuth */; };
		AA68323A2FB3BAFC0095B25F /* FirebaseFirestore in Frameworks */ = {isa = PBXBuildFile; productRef = B0010061 /* FirebaseFirestore */; };
		B001000A /* AppEntry.swift in Sources */ = {isa = PBXBuildFile; fileRef = B001000B /* AppEntry.swift */; };
		B001000C /* Models.swift in Sources */ = {isa = PBXBuildFile; fileRef = B001000D /* Models.swift */; };
		B001000E /* AuthService.swift in Sources */ = {isa = PBXBuildFile; fileRef = B001000F /* AuthService.swift */; };
		B0010010 /* FirebaseService.swift in Sources */ = {isa = PBXBuildFile; fileRef = B0010011 /* FirebaseService.swift */; };
		B0010012 /* AuthViews.swift in Sources */ = {isa = PBXBuildFile; fileRef = B0010013 /* AuthViews.swift */; };
		B0010014 /* ClubViews.swift in Sources */ = {isa = PBXBuildFile; fileRef = B0010015 /* ClubViews.swift */; };
		B0010016 /* ChallengeViews.swift in Sources */ = {isa = PBXBuildFile; fileRef = B0010017 /* ChallengeViews.swift */; };
		B0010090 /* GroupRoundViews.swift in Sources */ = {isa = PBXBuildFile; fileRef = B0010091 /* GroupRoundViews.swift */; };
		B0010092 /* AdminViews.swift in Sources */ = {isa = PBXBuildFile; fileRef = B0010093 /* AdminViews.swift */; };
		B0010094 /* PendingRoundViews.swift in Sources */ = {isa = PBXBuildFile; fileRef = B0010095 /* PendingRoundViews.swift */; };
		B0010096 /* Theme.swift in Sources */ = {isa = PBXBuildFile; fileRef = B0010097 /* Theme.swift */; };
		B0010098 /* OnboardingView.swift in Sources */ = {isa = PBXBuildFile; fileRef = B0010099 /* OnboardingView.swift */; };
		B001009A /* AdminDashboardView.swift in Sources */ = {isa = PBXBuildFile; fileRef = B001009B /* AdminDashboardView.swift */; };
		B001009C /* Config.swift in Sources */           = {isa = PBXBuildFile; fileRef = B001009D /* Config.swift */; };
		B001009E /* CloudFunctions.swift in Sources */   = {isa = PBXBuildFile; fileRef = B001009F /* CloudFunctions.swift */; };
		B00100A0 /* StripeService.swift in Sources */    = {isa = PBXBuildFile; fileRef = B00100A1 /* StripeService.swift */; };
		B00100A2 /* PaymentViews.swift in Sources */     = {isa = PBXBuildFile; fileRef = B00100A3 /* PaymentViews.swift */; };
		B00100A4 /* SuperAdminView.swift in Sources */   = {isa = PBXBuildFile; fileRef = B00100A5 /* SuperAdminView.swift */; };
		B00100A6 /* EditProfileView.swift in Sources */  = {isa = PBXBuildFile; fileRef = B00100A7 /* EditProfileView.swift */; };
		B00100A8 /* PublicProfileView.swift in Sources */ = {isa = PBXBuildFile; fileRef = B00100A9 /* PublicProfileView.swift */; };
		B00100AA /* RankingEngine.swift in Sources */    = {isa = PBXBuildFile; fileRef = B00100AB /* RankingEngine.swift */; };
		B00100AC /* EventViews.swift in Sources */       = {isa = PBXBuildFile; fileRef = B00100AD /* EventViews.swift */; };
		B00100AE /* ClubPublicProfileView.swift in Sources */ = {isa = PBXBuildFile; fileRef = B00100AF /* ClubPublicProfileView.swift */; };
		B0010018 /* GoogleService-Info.plist in Resources */ = {isa = PBXBuildFile; fileRef = B0010019 /* GoogleService-Info.plist */; };
		B001001A /* Assets.xcassets in Resources */ = {isa = PBXBuildFile; fileRef = B001001B /* Assets.xcassets */; };
/* End PBXBuildFile section */

/* Begin PBXFileReference section */
		AA68323B2FB3BB440095B25F /* GoogleService-Info.plist */ = {isa = PBXFileReference; lastKnownFileType = text.plist.xml; path = "GoogleService-Info.plist"; sourceTree = "<group>"; };
		B001000B /* AppEntry.swift */ = {isa = PBXFileReference; lastKnownFileType = sourcecode.swift; path = AppEntry.swift; sourceTree = "<group>"; };
		B001000D /* Models.swift */ = {isa = PBXFileReference; lastKnownFileType = sourcecode.swift; path = Models.swift; sourceTree = "<group>"; };
		B001000F /* AuthService.swift */ = {isa = PBXFileReference; lastKnownFileType = sourcecode.swift; path = AuthService.swift; sourceTree = "<group>"; };
		B0010011 /* FirebaseService.swift */ = {isa = PBXFileReference; lastKnownFileType = sourcecode.swift; path = FirebaseService.swift; sourceTree = "<group>"; };
		B0010013 /* AuthViews.swift */ = {isa = PBXFileReference; lastKnownFileType = sourcecode.swift; path = AuthViews.swift; sourceTree = "<group>"; };
		B0010015 /* ClubViews.swift */ = {isa = PBXFileReference; lastKnownFileType = sourcecode.swift; path = ClubViews.swift; sourceTree = "<group>"; };
		B0010017 /* ChallengeViews.swift */ = {isa = PBXFileReference; lastKnownFileType = sourcecode.swift; path = ChallengeViews.swift; sourceTree = "<group>"; };
		B0010091 /* GroupRoundViews.swift */ = {isa = PBXFileReference; lastKnownFileType = sourcecode.swift; path = GroupRoundViews.swift; sourceTree = "<group>"; };
		B0010093 /* AdminViews.swift */ = {isa = PBXFileReference; lastKnownFileType = sourcecode.swift; path = AdminViews.swift; sourceTree = "<group>"; };
		B0010095 /* PendingRoundViews.swift */ = {isa = PBXFileReference; lastKnownFileType = sourcecode.swift; path = PendingRoundViews.swift; sourceTree = "<group>"; };
		B0010097 /* Theme.swift */ = {isa = PBXFileReference; lastKnownFileType = sourcecode.swift; path = Theme.swift; sourceTree = "<group>"; };
		B0010099 /* OnboardingView.swift */ = {isa = PBXFileReference; lastKnownFileType = sourcecode.swift; path = OnboardingView.swift; sourceTree = "<group>"; };
		B001009B /* AdminDashboardView.swift */ = {isa = PBXFileReference; lastKnownFileType = sourcecode.swift; path = AdminDashboardView.swift; sourceTree = "<group>"; };
		B001009D /* Config.swift */           = {isa = PBXFileReference; lastKnownFileType = sourcecode.swift; path = Config.swift; sourceTree = "<group>"; };
		B001009F /* CloudFunctions.swift */   = {isa = PBXFileReference; lastKnownFileType = sourcecode.swift; path = CloudFunctions.swift; sourceTree = "<group>"; };
		B00100A1 /* StripeService.swift */    = {isa = PBXFileReference; lastKnownFileType = sourcecode.swift; path = StripeService.swift; sourceTree = "<group>"; };
		B00100A3 /* PaymentViews.swift */     = {isa = PBXFileReference; lastKnownFileType = sourcecode.swift; path = PaymentViews.swift; sourceTree = "<group>"; };
		B00100A5 /* SuperAdminView.swift */   = {isa = PBXFileReference; lastKnownFileType = sourcecode.swift; path = SuperAdminView.swift; sourceTree = "<group>"; };
		B00100A7 /* EditProfileView.swift */  = {isa = PBXFileReference; lastKnownFileType = sourcecode.swift; path = EditProfileView.swift; sourceTree = "<group>"; };
		B00100A9 /* PublicProfileView.swift */ = {isa = PBXFileReference; lastKnownFileType = sourcecode.swift; path = PublicProfileView.swift; sourceTree = "<group>"; };
		B00100AB /* RankingEngine.swift */    = {isa = PBXFileReference; lastKnownFileType = sourcecode.swift; path = RankingEngine.swift; sourceTree = "<group>"; };
		B00100AD /* EventViews.swift */       = {isa = PBXFileReference; lastKnownFileType = sourcecode.swift; path = EventViews.swift; sourceTree = "<group>"; };
		B00100AF /* ClubPublicProfileView.swift */ = {isa = PBXFileReference; lastKnownFileType = sourcecode.swift; path = ClubPublicProfileView.swift; sourceTree = "<group>"; };
		B0010019 /* GoogleService-Info.plist */ = {isa = PBXFileReference; lastKnownFileType = text.plist.xml; path = "GoogleService-Info.plist"; sourceTree = "<group>"; };
		B001001B /* Assets.xcassets */ = {isa = PBXFileReference; lastKnownFileType = folder.assetcatalog; path = Assets.xcassets; sourceTree = "<group>"; };
		B0010020 /* DiscGolfRankings.app */ = {isa = PBXFileReference; explicitFileType = wrapper.application; includeInIndex = 0; path = DiscGolfRankings.app; sourceTree = BUILT_PRODUCTS_DIR; };
/* End PBXFileReference section */

/* Begin PBXFrameworksBuildPhase section */
		B0010021 /* Frameworks */ = {
			isa = PBXFrameworksBuildPhase;
			buildActionMask = 2147483647;
			files = (
				AA68323A2FB3BAFC0095B25F /* FirebaseFirestore in Frameworks */,
				AA6832392FB3BAFC0095B25F /* FirebaseAuth in Frameworks */,
			);
			runOnlyForDeploymentPostprocessing = 0;
		};
/* End PBXFrameworksBuildPhase section */

/* Begin PBXGroup section */
		B0010030 = {
			isa = PBXGroup;
			children = (
				B0010031 /* DiscGolfRankings */,
				B0010032 /* Products */,
			);
			sourceTree = "<group>";
		};
		B0010031 /* DiscGolfRankings */ = {
			isa = PBXGroup;
			children = (
				AA68323B2FB3BB440095B25F /* GoogleService-Info.plist */,
				B001000B /* AppEntry.swift */,
				B001000D /* Models.swift */,
				B001000F /* AuthService.swift */,
				B0010011 /* FirebaseService.swift */,
				B0010013 /* AuthViews.swift */,
				B0010015 /* ClubViews.swift */,
				B0010017 /* ChallengeViews.swift */,
				B0010091 /* GroupRoundViews.swift */,
				B0010093 /* AdminViews.swift */,
				B0010095 /* PendingRoundViews.swift */,
				B0010097 /* Theme.swift */,
				B0010099 /* OnboardingView.swift */,
				B001009B /* AdminDashboardView.swift */,
				B001009D /* Config.swift */,
				B001009F /* CloudFunctions.swift */,
				B00100A1 /* StripeService.swift */,
				B00100A3 /* PaymentViews.swift */,
				B00100A5 /* SuperAdminView.swift */,
				B00100A7 /* EditProfileView.swift */,
				B00100A9 /* PublicProfileView.swift */,
				B00100AB /* RankingEngine.swift */,
				B00100AD /* EventViews.swift */,
				B00100AF /* ClubPublicProfileView.swift */,
				B0010019 /* GoogleService-Info.plist */,
				B001001B /* Assets.xcassets */,
			);
			path = DiscGolfRankings;
			sourceTree = "<group>";
		};
		B0010032 /* Products */ = {
			isa = PBXGroup;
			children = (
				B0010020 /* DiscGolfRankings.app */,
			);
			name = Products;
			sourceTree = "<group>";
		};
/* End PBXGroup section */

/* Begin PBXNativeTarget section */
		B0010040 /* DiscGolfRankings */ = {
			isa = PBXNativeTarget;
			buildConfigurationList = B0010050 /* Build configuration list for PBXNativeTarget "DiscGolfRankings" */;
			buildPhases = (
				B0010041 /* Sources */,
				B0010021 /* Frameworks */,
				B0010042 /* Resources */,
			);
			buildRules = (
			);
			dependencies = (
			);
			name = DiscGolfRankings;
			packageProductDependencies = (
				B0010060 /* FirebaseAuth */,
				B0010061 /* FirebaseFirestore */,
			);
			productName = DiscGolfRankings;
			productReference = B0010020 /* DiscGolfRankings.app */;
			productType = "com.apple.product-type.application";
		};
/* End PBXNativeTarget section */

/* Begin PBXProject section */
		B0010070 /* Project object */ = {
			isa = PBXProject;
			attributes = {
				BuildIndependentTargetsInParallel = 1;
				LastSwiftUpdateCheck = 1500;
				LastUpgradeCheck = 2650;
				TargetAttributes = {
					B0010040 = {
						CreatedOnToolsVersion = 15.0;
					};
				};
			};
			buildConfigurationList = B0010071 /* Build configuration list for PBXProject "DiscGolfRankings" */;
			compatibilityVersion = "Xcode 14.0";
			developmentRegion = en;
			hasScannedForEncodings = 0;
			knownRegions = (
				en,
				Base,
			);
			mainGroup = B0010030;
			packageReferences = (
				B0010080 /* XCRemoteSwiftPackageReference "firebase-ios-sdk" */,
			);
			productRefGroup = B0010032 /* Products */;
			projectDirPath = "";
			projectRoot = "";
			targets = (
				B0010040 /* DiscGolfRankings */,
			);
		};
/* End PBXProject section */

/* Begin PBXResourcesBuildPhase section */
		B0010042 /* Resources */ = {
			isa = PBXResourcesBuildPhase;
			buildActionMask = 2147483647;
			files = (
				B0010018 /* GoogleService-Info.plist in Resources */,
				B001001A /* Assets.xcassets in Resources */,
			);
			runOnlyForDeploymentPostprocessing = 0;
		};
/* End PBXResourcesBuildPhase section */

/* Begin PBXSourcesBuildPhase section */
		B0010041 /* Sources */ = {
			isa = PBXSourcesBuildPhase;
			buildActionMask = 2147483647;
			files = (
				B001000A /* AppEntry.swift in Sources */,
				B001000C /* Models.swift in Sources */,
				B001000E /* AuthService.swift in Sources */,
				B0010010 /* FirebaseService.swift in Sources */,
				B0010012 /* AuthViews.swift in Sources */,
				B0010014 /* ClubViews.swift in Sources */,
				B0010016 /* ChallengeViews.swift in Sources */,
				B0010090 /* GroupRoundViews.swift in Sources */,
				B0010092 /* AdminViews.swift in Sources */,
				B0010094 /* PendingRoundViews.swift in Sources */,
				B0010096 /* Theme.swift in Sources */,
				B0010098 /* OnboardingView.swift in Sources */,
				B001009A /* AdminDashboardView.swift in Sources */,
				B001009C /* Config.swift in Sources */,
				B001009E /* CloudFunctions.swift in Sources */,
				B00100A0 /* StripeService.swift in Sources */,
				B00100A2 /* PaymentViews.swift in Sources */,
				B00100A4 /* SuperAdminView.swift in Sources */,
				B00100A6 /* EditProfileView.swift in Sources */,
				B00100A8 /* PublicProfileView.swift in Sources */,
				B00100AA /* RankingEngine.swift in Sources */,
				B00100AC /* EventViews.swift in Sources */,
				B00100AE /* ClubPublicProfileView.swift in Sources */,
			);
			runOnlyForDeploymentPostprocessing = 0;
		};
/* End PBXSourcesBuildPhase section */

/* Begin XCBuildConfiguration section */
		B0010051 /* Debug */ = {
			isa = XCBuildConfiguration;
			buildSettings = {
				ASSETCATALOG_COMPILER_APPICON_NAME = AppIcon;
				ASSETCATALOG_COMPILER_GLOBAL_ACCENT_COLOR_NAME = AccentColor;
				CODE_SIGN_STYLE = Automatic;
				CURRENT_PROJECT_VERSION = 1;
				DEVELOPMENT_TEAM = FLAF542U5N;
				GENERATE_INFOPLIST_FILE = YES;
				INFOPLIST_KEY_UIApplicationSceneManifest_Generation = YES;
				INFOPLIST_KEY_UIApplicationSupportsIndirectInputEvents = YES;
				INFOPLIST_KEY_UILaunchScreen_Generation = YES;
				INFOPLIST_KEY_UISupportedInterfaceOrientations_iPhone = "UIInterfaceOrientationPortrait UIInterfaceOrientationLandscapeLeft UIInterfaceOrientationLandscapeRight";
				IPHONEOS_DEPLOYMENT_TARGET = 17.0;
				MARKETING_VERSION = 1.0;
				PRODUCT_BUNDLE_IDENTIFIER = com.discgolfrankings.app;
				PRODUCT_NAME = "$(TARGET_NAME)";
				SWIFT_EMIT_LOC_STRINGS = YES;
				SWIFT_VERSION = 5.0;
				TARGETED_DEVICE_FAMILY = "1,2";
			};
			name = Debug;
		};
		B0010052 /* Release */ = {
			isa = XCBuildConfiguration;
			buildSettings = {
				ASSETCATALOG_COMPILER_APPICON_NAME = AppIcon;
				ASSETCATALOG_COMPILER_GLOBAL_ACCENT_COLOR_NAME = AccentColor;
				CODE_SIGN_STYLE = Automatic;
				CURRENT_PROJECT_VERSION = 1;
				DEVELOPMENT_TEAM = FLAF542U5N;
				GENERATE_INFOPLIST_FILE = YES;
				INFOPLIST_KEY_UIApplicationSceneManifest_Generation = YES;
				INFOPLIST_KEY_UIApplicationSupportsIndirectInputEvents = YES;
				INFOPLIST_KEY_UILaunchScreen_Generation = YES;
				INFOPLIST_KEY_UISupportedInterfaceOrientations_iPhone = "UIInterfaceOrientationPortrait UIInterfaceOrientationLandscapeLeft UIInterfaceOrientationLandscapeRight";
				IPHONEOS_DEPLOYMENT_TARGET = 17.0;
				MARKETING_VERSION = 1.0;
				PRODUCT_BUNDLE_IDENTIFIER = com.discgolfrankings.app;
				PRODUCT_NAME = "$(TARGET_NAME)";
				SWIFT_EMIT_LOC_STRINGS = YES;
				SWIFT_VERSION = 5.0;
				TARGETED_DEVICE_FAMILY = "1,2";
			};
			name = Release;
		};
		B0010072 /* Debug */ = {
			isa = XCBuildConfiguration;
			buildSettings = {
				ALWAYS_SEARCH_USER_PATHS = NO;
				CLANG_ANALYZER_NONNULL = YES;
				CLANG_ANALYZER_NUMBER_OBJECT_CONVERSION = YES_AGGRESSIVE;
				CLANG_CXX_LANGUAGE_STANDARD = "gnu++20";
				CLANG_ENABLE_MODULES = YES;
				CLANG_ENABLE_OBJC_ARC = YES;
				CLANG_ENABLE_OBJC_WEAK = YES;
				CLANG_WARN_BLOCK_CAPTURE_AUTORELEASING = YES;
				CLANG_WARN_BOOL_CONVERSION = YES;
				CLANG_WARN_COMMA = YES;
				CLANG_WARN_CONSTANT_CONVERSION = YES;
				CLANG_WARN_DEPRECATED_OBJC_IMPLEMENTATIONS = YES;
				CLANG_WARN_DIRECT_OBJC_ISA_USAGE = YES_ERROR;
				CLANG_WARN_DOCUMENTATION_COMMENTS = YES;
				CLANG_WARN_EMPTY_BODY = YES;
				CLANG_WARN_ENUM_CONVERSION = YES;
				CLANG_WARN_INFINITE_RECURSION = YES;
				CLANG_WARN_INT_CONVERSION = YES;
				CLANG_WARN_NON_LITERAL_NULL_CONVERSION = YES;
				CLANG_WARN_OBJC_IMPLICIT_RETAIN_SELF = YES;
				CLANG_WARN_OBJC_LITERAL_CONVERSION = YES;
				CLANG_WARN_OBJC_ROOT_CLASS = YES_ERROR;
				CLANG_WARN_QUOTED_INCLUDE_IN_FRAMEWORK_HEADER = YES;
				CLANG_WARN_RANGE_LOOP_ANALYSIS = YES;
				CLANG_WARN_STRICT_PROTOTYPES = YES;
				CLANG_WARN_SUSPICIOUS_MOVE = YES;
				CLANG_WARN_UNGUARDED_AVAILABILITY = YES_AGGRESSIVE;
				CLANG_WARN_UNREACHABLE_CODE = YES;
				CLANG_WARN__DUPLICATE_METHOD_MATCH = YES;
				COPY_PHASE_STRIP = NO;
				DEBUG_INFORMATION_FORMAT = dwarf;
				ENABLE_STRICT_OBJC_MSGSEND = YES;
				ENABLE_TESTABILITY = YES;
				ENABLE_USER_SCRIPT_SANDBOXING = YES;
				GCC_C_LANGUAGE_STANDARD = gnu17;
				GCC_DYNAMIC_NO_PIC = NO;
				GCC_NO_COMMON_BLOCKS = YES;
				GCC_OPTIMIZATION_LEVEL = 0;
				GCC_PREPROCESSOR_DEFINITIONS = (
					"DEBUG=1",
					"$(inherited)",
				);
				GCC_WARN_64_TO_32_BIT_CONVERSION = YES;
				GCC_WARN_ABOUT_RETURN_TYPE = YES_ERROR;
				GCC_WARN_UNDECLARED_SELECTOR = YES;
				GCC_WARN_UNINITIALIZED_AUTOS = YES_AGGRESSIVE;
				GCC_WARN_UNUSED_FUNCTION = YES;
				GCC_WARN_UNUSED_VARIABLE = YES;
				IPHONEOS_DEPLOYMENT_TARGET = 17.0;
				MTL_ENABLE_DEBUG_INFO = INCLUDE_SOURCE;
				MTL_FAST_MATH = YES;
				ONLY_ACTIVE_ARCH = YES;
				SDKROOT = iphoneos;
				STRING_CATALOG_GENERATE_SYMBOLS = YES;
				SWIFT_ACTIVE_COMPILATION_CONDITIONS = DEBUG;
				SWIFT_OPTIMIZATION_LEVEL = "-Onone";
			};
			name = Debug;
		};
		B0010073 /* Release */ = {
			isa = XCBuildConfiguration;
			buildSettings = {
				ALWAYS_SEARCH_USER_PATHS = NO;
				CLANG_ANALYZER_NONNULL = YES;
				CLANG_ANALYZER_NUMBER_OBJECT_CONVERSION = YES_AGGRESSIVE;
				CLANG_CXX_LANGUAGE_STANDARD = "gnu++20";
				CLANG_ENABLE_MODULES = YES;
				CLANG_ENABLE_OBJC_ARC = YES;
				CLANG_ENABLE_OBJC_WEAK = YES;
				CLANG_WARN_BLOCK_CAPTURE_AUTORELEASING = YES;
				CLANG_WARN_BOOL_CONVERSION = YES;
				CLANG_WARN_COMMA = YES;
				CLANG_WARN_CONSTANT_CONVERSION = YES;
				CLANG_WARN_DEPRECATED_OBJC_IMPLEMENTATIONS = YES;
				CLANG_WARN_DIRECT_OBJC_ISA_USAGE = YES_ERROR;
				CLANG_WARN_DOCUMENTATION_COMMENTS = YES;
				CLANG_WARN_EMPTY_BODY = YES;
				CLANG_WARN_ENUM_CONVERSION = YES;
				CLANG_WARN_INFINITE_RECURSION = YES;
				CLANG_WARN_INT_CONVERSION = YES;
				CLANG_WARN_NON_LITERAL_NULL_CONVERSION = YES;
				CLANG_WARN_OBJC_IMPLICIT_RETAIN_SELF = YES;
				CLANG_WARN_OBJC_LITERAL_CONVERSION = YES;
				CLANG_WARN_OBJC_ROOT_CLASS = YES_ERROR;
				CLANG_WARN_QUOTED_INCLUDE_IN_FRAMEWORK_HEADER = YES;
				CLANG_WARN_RANGE_LOOP_ANALYSIS = YES;
				CLANG_WARN_STRICT_PROTOTYPES = YES;
				CLANG_WARN_SUSPICIOUS_MOVE = YES;
				CLANG_WARN_UNGUARDED_AVAILABILITY = YES_AGGRESSIVE;
				CLANG_WARN_UNREACHABLE_CODE = YES;
				CLANG_WARN__DUPLICATE_METHOD_MATCH = YES;
				COPY_PHASE_STRIP = NO;
				DEBUG_INFORMATION_FORMAT = "dwarf-with-dsym";
				ENABLE_NS_ASSERTIONS = NO;
				ENABLE_STRICT_OBJC_MSGSEND = YES;
				ENABLE_USER_SCRIPT_SANDBOXING = YES;
				GCC_C_LANGUAGE_STANDARD = gnu17;
				GCC_NO_COMMON_BLOCKS = YES;
				GCC_WARN_64_TO_32_BIT_CONVERSION = YES;
				GCC_WARN_ABOUT_RETURN_TYPE = YES_ERROR;
				GCC_WARN_UNDECLARED_SELECTOR = YES;
				GCC_WARN_UNINITIALIZED_AUTOS = YES_AGGRESSIVE;
				GCC_WARN_UNUSED_FUNCTION = YES;
				GCC_WARN_UNUSED_VARIABLE = YES;
				IPHONEOS_DEPLOYMENT_TARGET = 17.0;
				MTL_ENABLE_DEBUG_INFO = NO;
				MTL_FAST_MATH = YES;
				SDKROOT = iphoneos;
				STRING_CATALOG_GENERATE_SYMBOLS = YES;
				SWIFT_COMPILATION_MODE = wholemodule;
				SWIFT_OPTIMIZATION_LEVEL = "-Owholemodule";
				VALIDATE_PRODUCT = YES;
			};
			name = Release;
		};
/* End XCBuildConfiguration section */

/* Begin XCConfigurationList section */
		B0010050 /* Build configuration list for PBXNativeTarget "DiscGolfRankings" */ = {
			isa = XCConfigurationList;
			buildConfigurations = (
				B0010051 /* Debug */,
				B0010052 /* Release */,
			);
			defaultConfigurationIsVisible = 0;
			defaultConfigurationName = Release;
		};
		B0010071 /* Build configuration list for PBXProject "DiscGolfRankings" */ = {
			isa = XCConfigurationList;
			buildConfigurations = (
				B0010072 /* Debug */,
				B0010073 /* Release */,
			);
			defaultConfigurationIsVisible = 0;
			defaultConfigurationName = Release;
		};
/* End XCConfigurationList section */

/* Begin XCRemoteSwiftPackageReference section */
		B0010080 /* XCRemoteSwiftPackageReference "firebase-ios-sdk" */ = {
			isa = XCRemoteSwiftPackageReference;
			repositoryURL = "https://github.com/firebase/firebase-ios-sdk.git";
			requirement = {
				kind = upToNextMajorVersion;
				minimumVersion = 10.0.0;
			};
		};
/* End XCRemoteSwiftPackageReference section */

/* Begin XCSwiftPackageProductDependency section */
		B0010060 /* FirebaseAuth */ = {
			isa = XCSwiftPackageProductDependency;
			package = B0010080 /* XCRemoteSwiftPackageReference "firebase-ios-sdk" */;
			productName = FirebaseAuth;
		};
		B0010061 /* FirebaseFirestore */ = {
			isa = XCSwiftPackageProductDependency;
			package = B0010080 /* XCRemoteSwiftPackageReference "firebase-ios-sdk" */;
			productName = FirebaseFirestore;
		};
/* End XCSwiftPackageProductDependency section */
	};
	rootObject = B0010070 /* Project object */;
}
